
Microsoft Visual Studio Solution File, Format Version 12.00
# Visual Studio Version 16
VisualStudioVersion = 16.0.35325.158
MinimumVisualStudioVersion = 10.0.40219.1
Project("{D2ABAB84-BF74-430A-B69E-9DC6D40DDA17}") = "SSAS_Demo", "SSAS_Demo.dwproj", "{0C90EEFE-21FC-4D69-A039-BA45A5FB5FB6}"
EndProject
Global
	GlobalSection(SolutionConfigurationPlatforms) = preSolution
		Development|Default = Development|Default
	EndGlobalSection
	GlobalSection(ProjectConfigurationPlatforms) = postSolution
		{0C90EEFE-21FC-4D69-A039-BA45A5FB5FB6}.Development|Default.ActiveCfg = Development
		{0C90EEFE-21FC-4D69-A039-BA45A5FB5FB6}.Development|Default.Build.0 = Development
		{0C90EEFE-21FC-4D69-A039-BA45A5FB5FB6}.Development|Default.Deploy.0 = Development
	EndGlobalSection
	GlobalSection(SolutionProperties) = preSolution
		HideSolutionNode = FALSE
	EndGlobalSection
	GlobalSection(ExtensibilityGlobals) = postSolution
		SolutionGuid = {762E5DC5-8619-468D-BDEB-B020820AF889}
	EndGlobalSection
EndGlobal
